
Microsoft Visual Studio Solution File, Format Version 12.00
# Visual Studio Version 16
VisualStudioVersion = 16.0.29411.138
MinimumVisualStudioVersion = 10.0.40219.1
Project("{9A19103F-16F7-4668-BE54-9A1E7A4F7556}") = "cypressTest", "cypressTest.csproj", "{B6A90B2D-8137-4085-9231-0BB1D72FB12B}"
EndProject
Global
	GlobalSection(SolutionConfigurationPlatforms) = preSolution
		Debug|Any CPU = Debug|Any CPU
		Release|Any CPU = Release|Any CPU
	EndGlobalSection
	GlobalSection(ProjectConfigurationPlatforms) = postSolution
		{B6A90B2D-8137-4085-9231-0BB1D72FB12B}.Debug|Any CPU.ActiveCfg = Debug|Any CPU
		{B6A90B2D-8137-4085-9231-0BB1D72FB12B}.Debug|Any CPU.Build.0 = Debug|Any CPU
		{B6A90B2D-8137-4085-9231-0BB1D72FB12B}.Release|Any CPU.ActiveCfg = Release|Any CPU
		{B6A90B2D-8137-4085-9231-0BB1D72FB12B}.Release|Any CPU.Build.0 = Release|Any CPU
	EndGlobalSection
	GlobalSection(SolutionProperties) = preSolution
		HideSolutionNode = FALSE
	EndGlobalSection
	GlobalSection(ExtensibilityGlobals) = postSolution
		SolutionGuid = {4C6158F2-9E37-426A-A0CB-31710BDF493D}
	EndGlobalSection
EndGlobal
