
Microsoft Visual Studio Solution File, Format Version 12.00
# Visual Studio Version 16
VisualStudioVersion = 16.0.29411.138
MinimumVisualStudioVersion = 10.0.40219.1
Project("{9A19103F-16F7-4668-BE54-9A1E7A4F7556}") = "cypressTest", "cypressTest.csproj", "{B6A90B2D-8137-4085-9231-0BB1D72FB12B}"
EndProject
Project("{FAE04EC0-301F-11D3-BF4B-00C04F79EFBC}") = "TestBlazorWithCypress.Server", "blazor\TestBlazorWithCypress\Server\TestBlazorWithCypress.Server.csproj", "{89F91501-0DB5-4FFC-B797-FD80768A07C8}"
EndProject
Project("{FAE04EC0-301F-11D3-BF4B-00C04F79EFBC}") = "TestBlazorWithCypress.Client", "blazor\TestBlazorWithCypress\Client\TestBlazorWithCypress.Client.csproj", "{DAC8218D-CC26-4998-9202-D4792233D75D}"
EndProject
Project("{FAE04EC0-301F-11D3-BF4B-00C04F79EFBC}") = "TestBlazorWithCypress.Shared", "blazor\TestBlazorWithCypress\Shared\TestBlazorWithCypress.Shared.csproj", "{C95A06AB-64F6-4D5D-83AA-7F244ABC7A33}"
EndProject
Global
	GlobalSection(SolutionConfigurationPlatforms) = preSolution
		Debug|Any CPU = Debug|Any CPU
		Release|Any CPU = Release|Any CPU
	EndGlobalSection
	GlobalSection(ProjectConfigurationPlatforms) = postSolution
		{B6A90B2D-8137-4085-9231-0BB1D72FB12B}.Debug|Any CPU.ActiveCfg = Debug|Any CPU
		{B6A90B2D-8137-4085-9231-0BB1D72FB12B}.Debug|Any CPU.Build.0 = Debug|Any CPU
		{B6A90B2D-8137-4085-9231-0BB1D72FB12B}.Release|Any CPU.ActiveCfg = Release|Any CPU
		{B6A90B2D-8137-4085-9231-0BB1D72FB12B}.Release|Any CPU.Build.0 = Release|Any CPU
		{89F91501-0DB5-4FFC-B797-FD80768A07C8}.Debug|Any CPU.ActiveCfg = Debug|Any CPU
		{89F91501-0DB5-4FFC-B797-FD80768A07C8}.Debug|Any CPU.Build.0 = Debug|Any CPU
		{89F91501-0DB5-4FFC-B797-FD80768A07C8}.Release|Any CPU.ActiveCfg = Release|Any CPU
		{89F91501-0DB5-4FFC-B797-FD80768A07C8}.Release|Any CPU.Build.0 = Release|Any CPU
		{DAC8218D-CC26-4998-9202-D4792233D75D}.Debug|Any CPU.ActiveCfg = Debug|Any CPU
		{DAC8218D-CC26-4998-9202-D4792233D75D}.Debug|Any CPU.Build.0 = Debug|Any CPU
		{DAC8218D-CC26-4998-9202-D4792233D75D}.Release|Any CPU.ActiveCfg = Release|Any CPU
		{DAC8218D-CC26-4998-9202-D4792233D75D}.Release|Any CPU.Build.0 = Release|Any CPU
		{C95A06AB-64F6-4D5D-83AA-7F244ABC7A33}.Debug|Any CPU.ActiveCfg = Debug|Any CPU
		{C95A06AB-64F6-4D5D-83AA-7F244ABC7A33}.Debug|Any CPU.Build.0 = Debug|Any CPU
		{C95A06AB-64F6-4D5D-83AA-7F244ABC7A33}.Release|Any CPU.ActiveCfg = Release|Any CPU
		{C95A06AB-64F6-4D5D-83AA-7F244ABC7A33}.Release|Any CPU.Build.0 = Release|Any CPU
	EndGlobalSection
	GlobalSection(SolutionProperties) = preSolution
		HideSolutionNode = FALSE
	EndGlobalSection
	GlobalSection(ExtensibilityGlobals) = postSolution
		SolutionGuid = {4C6158F2-9E37-426A-A0CB-31710BDF493D}
	EndGlobalSection
EndGlobal
